PODS:
  - _NIODataStructures (2.32.0)
  - ActivityIndicatorView (0.0.7)
  - CGRPCZlib (1.0.0)
  - CNIOAtomics (2.32.0)
  - CNIOBoringSSL (2.14.1)
  - CNIOBoringSSLShims (2.14.1):
    - CNIOBoringSSL (= 2.14.1)
  - CNIODarwin (2.32.0)
  - CNIOHTTPParser (2.32.0)
  - CNIOLinux (2.32.0)
  - CNIOWindows (2.32.0)
  - CodableFirebase (0.2.1)
  - Device (3.2.1)
  - Firebase/Analytics (8.1.0):
    - Firebase/Core
  - Firebase/Auth (8.1.0):
    - Firebase/CoreOnly
    - FirebaseAuth (~> 8.1.0)
  - Firebase/Core (8.1.0):
    - Firebase/CoreOnly
    - FirebaseAnalytics (~> 8.1.0)
  - Firebase/CoreOnly (8.1.0):
    - FirebaseCore (= 8.1.0)
  - Firebase/Crashlytics (8.1.0):
    - Firebase/CoreOnly
    - FirebaseCrashlytics (~> 8.1.0)
  - Firebase/Database (8.1.0):
    - Firebase/CoreOnly
    - FirebaseDatabase (~> 8.1.0)
  - Firebase/DynamicLinks (8.1.0):
    - Firebase/CoreOnly
    - FirebaseDynamicLinks (~> 8.1.0)
  - Firebase/Messaging (8.1.0):
    - Firebase/CoreOnly
    - FirebaseMessaging (~> 8.1.0)
  - FirebaseAnalytics (8.1.0):
    - FirebaseAnalytics/AdIdSupport (= 8.1.0)
    - FirebaseCore (~> 8.0)
    - FirebaseInstallations (~> 8.0)
    - GoogleUtilities/AppDelegateSwizzler (~> 7.4)
    - GoogleUtilities/MethodSwizzler (~> 7.4)
    - GoogleUtilities/Network (~> 7.4)
    - "GoogleUtilities/NSData+zlib (~> 7.4)"
    - nanopb (~> 2.30908.0)
  - FirebaseAnalytics/AdIdSupport (8.1.0):
    - FirebaseAnalytics/Base (= 8.1.0)
    - FirebaseCore (~> 8.0)
    - FirebaseInstallations (~> 8.0)
    - GoogleAppMeasurement (= 8.1.0)
    - GoogleUtilities/AppDelegateSwizzler (~> 7.4)
    - GoogleUtilities/MethodSwizzler (~> 7.4)
    - GoogleUtilities/Network (~> 7.4)
    - "GoogleUtilities/NSData+zlib (~> 7.4)"
    - nanopb (~> 2.30908.0)
  - FirebaseAnalytics/Base (8.1.0):
    - FirebaseCore (~> 8.0)
    - FirebaseInstallations (~> 8.0)
    - GoogleUtilities/AppDelegateSwizzler (~> 7.4)
    - GoogleUtilities/MethodSwizzler (~> 7.4)
    - GoogleUtilities/Network (~> 7.4)
    - "GoogleUtilities/NSData+zlib (~> 7.4)"
    - nanopb (~> 2.30908.0)
  - FirebaseAuth (8.1.0):
    - FirebaseCore (~> 8.0)
    - GoogleUtilities/AppDelegateSwizzler (~> 7.4)
    - GoogleUtilities/Environment (~> 7.4)
    - GTMSessionFetcher/Core (~> 1.5)
  - FirebaseCore (8.1.0):
    - FirebaseCoreDiagnostics (~> 8.0)
    - GoogleUtilities/Environment (~> 7.4)
    - GoogleUtilities/Logger (~> 7.4)
  - FirebaseCoreDiagnostics (8.1.0):
    - GoogleDataTransport (~> 9.0)
    - GoogleUtilities/Environment (~> 7.4)
    - GoogleUtilities/Logger (~> 7.4)
    - nanopb (~> 2.30908.0)
  - FirebaseCrashlytics (8.1.0):
    - FirebaseCore (~> 8.0)
    - FirebaseInstallations (~> 8.0)
    - GoogleDataTransport (~> 9.0)
    - nanopb (~> 2.30908.0)
    - PromisesObjC (~> 1.2)
  - FirebaseDatabase (8.1.0):
    - FirebaseCore (~> 8.0)
    - leveldb-library (~> 1.22)
  - FirebaseDynamicLinks (8.1.0):
    - FirebaseCore (~> 8.0)
  - FirebaseInstallations (8.1.0):
    - FirebaseCore (~> 8.0)
    - GoogleUtilities/Environment (~> 7.4)
    - GoogleUtilities/UserDefaults (~> 7.4)
    - PromisesObjC (~> 1.2)
  - FirebaseMessaging (8.1.0):
    - FirebaseCore (~> 8.0)
    - FirebaseInstallations (~> 8.0)
    - GoogleUtilities/AppDelegateSwizzler (~> 7.4)
    - GoogleUtilities/Environment (~> 7.4)
    - GoogleUtilities/Reachability (~> 7.4)
    - GoogleUtilities/UserDefaults (~> 7.4)
  - GoogleAppMeasurement (8.1.0):
    - GoogleAppMeasurement/AdIdSupport (= 8.1.0)
    - GoogleUtilities/AppDelegateSwizzler (~> 7.4)
    - GoogleUtilities/MethodSwizzler (~> 7.4)
    - GoogleUtilities/Network (~> 7.4)
    - "GoogleUtilities/NSData+zlib (~> 7.4)"
    - nanopb (~> 2.30908.0)
  - GoogleAppMeasurement/AdIdSupport (8.1.0):
    - GoogleUtilities/AppDelegateSwizzler (~> 7.4)
    - GoogleUtilities/MethodSwizzler (~> 7.4)
    - GoogleUtilities/Network (~> 7.4)
    - "GoogleUtilities/NSData+zlib (~> 7.4)"
    - nanopb (~> 2.30908.0)
  - GoogleDataTransport (9.0.1):
    - GoogleUtilities/Environment (~> 7.2)
    - nanopb (~> 2.30908.0)
    - PromisesObjC (~> 1.2)
  - GoogleUtilities/AppDelegateSwizzler (7.4.1):
    - GoogleUtilities/Environment
    - GoogleUtilities/Logger
    - GoogleUtilities/Network
  - GoogleUtilities/Environment (7.4.1):
    - PromisesObjC (~> 1.2)
  - GoogleUtilities/Logger (7.4.1):
    - GoogleUtilities/Environment
  - GoogleUtilities/MethodSwizzler (7.4.1):
    - GoogleUtilities/Logger
  - GoogleUtilities/Network (7.4.1):
    - GoogleUtilities/Logger
    - "GoogleUtilities/NSData+zlib"
    - GoogleUtilities/Reachability
  - "GoogleUtilities/NSData+zlib (7.4.1)"
  - GoogleUtilities/Reachability (7.4.1):
    - GoogleUtilities/Logger
  - GoogleUtilities/UserDefaults (7.4.1):
    - GoogleUtilities/Logger
  - gRPC-Swift (1.0.0):
    - CGRPCZlib (= 1.0.0)
    - Logging (< 2.0.0, >= 1.4.0)
    - SwiftNIO (< 3.0.0, >= 2.22.0)
    - SwiftNIOExtras (< 2.0.0, >= 1.4.0)
    - SwiftNIOHTTP2 (< 2.0.0, >= 1.16.1)
    - SwiftNIOSSL (< 3.0.0, >= 2.8.0)
    - SwiftNIOTransportServices (< 2.0.0, >= 1.6.0)
    - SwiftProtobuf (< 2.0.0, >= 1.9.0)
  - GTMSessionFetcher/Core (1.5.0)
  - Introspect (0.1.3)
  - leveldb-library (1.22.1)
  - Logging (1.4.0)
  - nanopb (2.30908.0):
    - nanopb/decode (= 2.30908.0)
    - nanopb/encode (= 2.30908.0)
  - nanopb/decode (2.30908.0)
  - nanopb/encode (2.30908.0)
  - PromisesObjC (1.2.12)
  - razorpay-pod (1.1.13)
  - SDWebImage (5.11.1):
    - SDWebImage/Core (= 5.11.1)
  - SDWebImage/Core (5.11.1)
  - SDWebImageSwiftUI (2.0.2):
    - SDWebImage (~> 5.10)
  - SwiftNIO (2.32.0):
    - SwiftNIOCore (= 2.32.0)
    - SwiftNIOEmbedded (= 2.32.0)
    - SwiftNIOPosix (= 2.32.0)
  - SwiftNIOConcurrencyHelpers (2.32.0):
    - CNIOAtomics (= 2.32.0)
  - SwiftNIOCore (2.32.0):
    - CNIOLinux (= 2.32.0)
    - SwiftNIOConcurrencyHelpers (= 2.32.0)
  - SwiftNIOEmbedded (2.32.0):
    - _NIODataStructures (= 2.32.0)
    - SwiftNIOCore (= 2.32.0)
  - SwiftNIOExtras (1.10.0):
    - SwiftNIO (< 3, >= 2.30.0)
  - SwiftNIOFoundationCompat (2.32.0):
    - SwiftNIO (= 2.32.0)
    - SwiftNIOCore (= 2.32.0)
  - SwiftNIOHPACK (1.18.1):
    - SwiftNIO (< 3, >= 2.30.0)
    - SwiftNIOConcurrencyHelpers (< 3, >= 2.30.0)
    - SwiftNIOHTTP1 (< 3, >= 2.30.0)
  - SwiftNIOHTTP1 (2.32.0):
    - CNIOHTTPParser (= 2.32.0)
    - SwiftNIO (= 2.32.0)
    - SwiftNIOConcurrencyHelpers (= 2.32.0)
    - SwiftNIOCore (= 2.32.0)
  - SwiftNIOHTTP2 (1.18.1):
    - SwiftNIO (< 3, >= 2.30.0)
    - SwiftNIOConcurrencyHelpers (< 3, >= 2.30.0)
    - SwiftNIOHPACK (= 1.18.1)
    - SwiftNIOHTTP1 (< 3, >= 2.30.0)
    - SwiftNIOTLS (< 3, >= 2.30.0)
  - SwiftNIOPosix (2.32.0):
    - _NIODataStructures (= 2.32.0)
    - CNIODarwin (= 2.32.0)
    - CNIOLinux (= 2.32.0)
    - CNIOWindows (= 2.32.0)
    - SwiftNIOConcurrencyHelpers (= 2.32.0)
    - SwiftNIOCore (= 2.32.0)
  - SwiftNIOSSL (2.14.1):
    - CNIOBoringSSL (= 2.14.1)
    - CNIOBoringSSLShims (= 2.14.1)
    - SwiftNIO (< 3, >= 2.30.0)
    - SwiftNIOConcurrencyHelpers (< 3, >= 2.30.0)
    - SwiftNIOTLS (< 3, >= 2.30.0)
  - SwiftNIOTLS (2.32.0):
    - SwiftNIO (= 2.32.0)
    - SwiftNIOCore (= 2.32.0)
  - SwiftNIOTransportServices (1.11.1):
    - SwiftNIO (< 3, >= 2.32.0)
    - SwiftNIOConcurrencyHelpers (< 3, >= 2.32.0)
    - SwiftNIOFoundationCompat (< 3, >= 2.32.0)
    - SwiftNIOTLS (< 3, >= 2.32.0)
  - SwiftProtobuf (1.17.0)
  - TwilioVideo (3.8.0)

DEPENDENCIES:
  - ActivityIndicatorView
  - CodableFirebase
  - Device (~> 3.2.1)
  - Firebase/Analytics
  - Firebase/Auth
  - Firebase/Crashlytics
  - Firebase/Database
  - Firebase/DynamicLinks
  - Firebase/Messaging
  - gRPC-Swift (~> 1.0.0)
  - Introspect
  - razorpay-pod (~> 1.1.1)
  - SDWebImageSwiftUI
  - TwilioVideo (~> 3.7)

SPEC REPOS:
  trunk:
    - _NIODataStructures
    - ActivityIndicatorView
    - CGRPCZlib
    - CNIOAtomics
    - CNIOBoringSSL
    - CNIOBoringSSLShims
    - CNIODarwin
    - CNIOHTTPParser
    - CNIOLinux
    - CNIOWindows
    - CodableFirebase
    - Device
    - Firebase
    - FirebaseAnalytics
    - FirebaseAuth
    - FirebaseCore
    - FirebaseCoreDiagnostics
    - FirebaseCrashlytics
    - FirebaseDatabase
    - FirebaseDynamicLinks
    - FirebaseInstallations
    - FirebaseMessaging
    - GoogleAppMeasurement
    - GoogleDataTransport
    - GoogleUtilities
    - gRPC-Swift
    - GTMSessionFetcher
    - Introspect
    - leveldb-library
    - Logging
    - nanopb
    - PromisesObjC
    - razorpay-pod
    - SDWebImage
    - SDWebImageSwiftUI
    - SwiftNIO
    - SwiftNIOConcurrencyHelpers
    - SwiftNIOCore
    - SwiftNIOEmbedded
    - SwiftNIOExtras
    - SwiftNIOFoundationCompat
    - SwiftNIOHPACK
    - SwiftNIOHTTP1
    - SwiftNIOHTTP2
    - SwiftNIOPosix
    - SwiftNIOSSL
    - SwiftNIOTLS
    - SwiftNIOTransportServices
    - SwiftProtobuf
    - TwilioVideo

SPEC CHECKSUMS:
  _NIODataStructures: e63beb6bfebffbd4399e514b7ecaf3f96cd8671c
  ActivityIndicatorView: 38c6cc1668e667f0fe0896a0c6ca2315c667ee8f
  CGRPCZlib: b0c9d704a12fa667f1824ffff20688f191945989
  CNIOAtomics: 9a2bb6949fab36db580f9973e36813bf0744cace
  CNIOBoringSSL: fbf8a722a81aa837c9cfae06da6b532f5eff7097
  CNIOBoringSSLShims: ad7c2c665a5426b29526a11af1b084764fef80d4
  CNIODarwin: 6c3b7847a6a2691ae9f97eac75103fe06f61fe4c
  CNIOHTTPParser: 4d469972144001aace68635ae33009c6b97c377f
  CNIOLinux: d33b1366a209d566a0a81eaecac6283a40ecc840
  CNIOWindows: 310f73e804e6333a63e921b61892dbbaf61bd0cc
  CodableFirebase: 0bf201991eeec35eb9fcd987d271ea463cf34a80
  Device: 0738862dd8a30856b4bd9e21cb9b728873d21392
  Firebase: b5956acddaaa53a6c292bec00649fadd18367344
  FirebaseAnalytics: e812eaae316ba8914b1ef06bef18f11efc1f56c6
  FirebaseAuth: e069ff5736fe9d5dcf61f36244bb1b1ce1897d17
  FirebaseCore: 389c4ce9a7cce4a7e25eb22326b4bee0050557b2
  FirebaseCoreDiagnostics: 3e249cee3de5c5f9cfd6cc2a19997231286fec11
  FirebaseCrashlytics: 1b55b3a718f9e20d59d96db46a4652d95a8ba1d2
  FirebaseDatabase: cc219dac8f37fe80f5838ed5ffd84ce3daa443ad
  FirebaseDynamicLinks: 12c4a8cc556a7624340dac01826559340a9c3129
  FirebaseInstallations: 7f31798a8198c354eadcb87176d2090b62edc187
  FirebaseMessaging: c8871b0907dcf4e76de81241eb6a62be6d657d2f
  GoogleAppMeasurement: 9ff7b9e23cced93a5a41736c09bdeb5b5b7fb111
  GoogleDataTransport: 04c3e9a480bbcaa2ec3f5d27f1cdeb6a92f20c8d
  GoogleUtilities: f8a43108b38a68eebe8b3540e1f4f2d28843ce20
  gRPC-Swift: 77154009a019e97f8c4bd8f2bb75fe9726801157
  GTMSessionFetcher: b3503b20a988c4e20cc189aa798fd18220133f52
  Introspect: 2be020f30f084ada52bb4387fff83fa52c5c400e
  leveldb-library: 50c7b45cbd7bf543c81a468fe557a16ae3db8729
  Logging: beeb016c9c80cf77042d62e83495816847ef108b
  nanopb: a0ba3315591a9ae0a16a309ee504766e90db0c96
  PromisesObjC: 3113f7f76903778cf4a0586bd1ab89329a0b7b97
  razorpay-pod: c0e9c4ae3ed168ab0f59be2acfb3ba8fd57eba57
  SDWebImage: a7f831e1a65eb5e285e3fb046a23fcfbf08e696d
  SDWebImageSwiftUI: 8a3923c95108312b03a599ec1498754af55a6819
  SwiftNIO: 75035e9e47345716eb6f01effaa4e14b9564ae4a
  SwiftNIOConcurrencyHelpers: cdc0919908b59ae643e6924f57030dacdea0499d
  SwiftNIOCore: 33d188a3d66eb65010bba8c4e7ea3efeabf757f7
  SwiftNIOEmbedded: d9b5cc8e3fc22b057501047ba3c8561c88d21544
  SwiftNIOExtras: 12c3902de56e7ff1e13b503f25f91f6241e6c070
  SwiftNIOFoundationCompat: 77058ddb6d30bfcda27b82f55bf9f004131917bc
  SwiftNIOHPACK: cc0189da98884147f27d4c077345b7c0995e9d27
  SwiftNIOHTTP1: 6c68f7ae14f67941d67c2056c7d9d3b727993f12
  SwiftNIOHTTP2: de65e456e4fadd68c8612afd8f12c45da2b183f6
  SwiftNIOPosix: 745b539a2067e5159d5de54e77860bae9e281e3a
  SwiftNIOSSL: ac352ffa568767772767057b85fd5cf7fffe7254
  SwiftNIOTLS: e26c48fdc92b753860349d75e1c49855f4125655
  SwiftNIOTransportServices: a10d05256d0c37566266896d0b14b6725c0ee60e
  SwiftProtobuf: 9c85136c6ba74b0a1b84279dbf0f6db8efb714e0
  TwilioVideo: c13a51ceca375e91620eb7578d2573c90cf53b46

PODFILE CHECKSUM: 14e00dca64a96ea959520ef633a362fa5cc886f1

COCOAPODS: 1.10.1
